
Microsoft Visual Studio Solution File, Format Version 12.00
# Visual Studio Version 16
VisualStudioVersion = 16.0.29519.181
MinimumVisualStudioVersion = 10.0.40219.1
Project("{FAE04EC0-301F-11D3-BF4B-00C04F79EFBC}") = "PointOfSale", "PointOfSale\PointOfSale.csproj", "{D2F30E77-47D1-4988-9E92-259C11A4BB53}"
EndProject
Project("{FAE04EC0-301F-11D3-BF4B-00C04F79EFBC}") = "UnitTests", "UnitTests\UnitTests.csproj", "{A6133E1B-CE01-42E6-8BE7-6BB2BC47F417}"
EndProject
Global
	GlobalSection(SolutionConfigurationPlatforms) = preSolution
		Debug|Any CPU = Debug|Any CPU
		Release|Any CPU = Release|Any CPU
	EndGlobalSection
	GlobalSection(ProjectConfigurationPlatforms) = postSolution
		{D2F30E77-47D1-4988-9E92-259C11A4BB53}.Debug|Any CPU.ActiveCfg = Debug|Any CPU
		{D2F30E77-47D1-4988-9E92-259C11A4BB53}.Debug|Any CPU.Build.0 = Debug|Any CPU
		{D2F30E77-47D1-4988-9E92-259C11A4BB53}.Release|Any CPU.ActiveCfg = Release|Any CPU
		{D2F30E77-47D1-4988-9E92-259C11A4BB53}.Release|Any CPU.Build.0 = Release|Any CPU
		{A6133E1B-CE01-42E6-8BE7-6BB2BC47F417}.Debug|Any CPU.ActiveCfg = Debug|Any CPU
		{A6133E1B-CE01-42E6-8BE7-6BB2BC47F417}.Debug|Any CPU.Build.0 = Debug|Any CPU
		{A6133E1B-CE01-42E6-8BE7-6BB2BC47F417}.Release|Any CPU.ActiveCfg = Release|Any CPU
		{A6133E1B-CE01-42E6-8BE7-6BB2BC47F417}.Release|Any CPU.Build.0 = Release|Any CPU
	EndGlobalSection
	GlobalSection(SolutionProperties) = preSolution
		HideSolutionNode = FALSE
	EndGlobalSection
	GlobalSection(ExtensibilityGlobals) = postSolution
		SolutionGuid = {90675D9C-E5C3-4573-9256-B3354E8092A2}
	EndGlobalSection
EndGlobal
